
Microsoft Visual Studio Solution File, Format Version 12.00
Project("{FAE04EC0-301F-11D3-BF4B-00C04F79EFBC}") = "Refactoring", "Refactoring\Refactoring.csproj", "{266F60E7-4409-4D7E-8D57-2B712FED85A4}"
EndProject
Project("{FAE04EC0-301F-11D3-BF4B-00C04F79EFBC}") = "Refactoring.Tests", "Refactoring.Tests\Refactoring.Tests.csproj", "{07305BA8-38D0-4491-9897-2B701D266B4C}"
EndProject
Global
	GlobalSection(SolutionConfigurationPlatforms) = preSolution
		Debug|Any CPU = Debug|Any CPU
		Release|Any CPU = Release|Any CPU
	EndGlobalSection
	GlobalSection(ProjectConfigurationPlatforms) = postSolution
		{266F60E7-4409-4D7E-8D57-2B712FED85A4}.Debug|Any CPU.ActiveCfg = Debug|Any CPU
		{266F60E7-4409-4D7E-8D57-2B712FED85A4}.Debug|Any CPU.Build.0 = Debug|Any CPU
		{266F60E7-4409-4D7E-8D57-2B712FED85A4}.Release|Any CPU.ActiveCfg = Release|Any CPU
		{266F60E7-4409-4D7E-8D57-2B712FED85A4}.Release|Any CPU.Build.0 = Release|Any CPU
		{07305BA8-38D0-4491-9897-2B701D266B4C}.Debug|Any CPU.ActiveCfg = Debug|Any CPU
		{07305BA8-38D0-4491-9897-2B701D266B4C}.Debug|Any CPU.Build.0 = Debug|Any CPU
		{07305BA8-38D0-4491-9897-2B701D266B4C}.Release|Any CPU.ActiveCfg = Release|Any CPU
		{07305BA8-38D0-4491-9897-2B701D266B4C}.Release|Any CPU.Build.0 = Release|Any CPU
	EndGlobalSection
EndGlobal
